
Microsoft Visual Studio Solution File, Format Version 12.00
# Visual Studio Version 16
VisualStudioVersion = 16.0.29123.88
MinimumVisualStudioVersion = 10.0.40219.1
Project("{FAE04EC0-301F-11D3-BF4B-00C04F79EFBC}") = "zombieShooter", "zombieShooter\zombieShooter.csproj", "{8CB7A9A4-ECB5-49F7-AEA4-6534AB2E3EC6}"
EndProject
Global
	GlobalSection(SolutionConfigurationPlatforms) = preSolution
		Debug|Any CPU = Debug|Any CPU
		Release|Any CPU = Release|Any CPU
	EndGlobalSection
	GlobalSection(ProjectConfigurationPlatforms) = postSolution
		{8CB7A9A4-ECB5-49F7-AEA4-6534AB2E3EC6}.Debug|Any CPU.ActiveCfg = Debug|Any CPU
		{8CB7A9A4-ECB5-49F7-AEA4-6534AB2E3EC6}.Debug|Any CPU.Build.0 = Debug|Any CPU
		{8CB7A9A4-ECB5-49F7-AEA4-6534AB2E3EC6}.Release|Any CPU.ActiveCfg = Release|Any CPU
		{8CB7A9A4-ECB5-49F7-AEA4-6534AB2E3EC6}.Release|Any CPU.Build.0 = Release|Any CPU
	EndGlobalSection
	GlobalSection(SolutionProperties) = preSolution
		HideSolutionNode = FALSE
	EndGlobalSection
	GlobalSection(ExtensibilityGlobals) = postSolution
		SolutionGuid = {8F9ADFB1-0AF3-4682-A1B5-0B45383BE739}
	EndGlobalSection
EndGlobal
